
Microsoft Visual Studio Solution File, Format Version 12.00
# Visual Studio Version 17
VisualStudioVersion = 17.0.31903.59
MinimumVisualStudioVersion = 10.0.40219.1
Project("{2150E333-8FDC-42A3-9474-1A3956D46DE8}") = "UrlShortener.Api", "UrlShortener.Api", "{3D5A33EC-2CEF-4EAC-ACF7-F23C7E4A13C3}"
EndProject
Project("{9A19103F-16F7-4668-BE54-9A1E7A4F7556}") = "UrlShortener.Api", "Api\src\UrlShortener.Api\UrlShortener.Api.csproj", "{5091FCA8-3BE6-42D3-999B-2B12D4783494}"
EndProject
Project("{2150E333-8FDC-42A3-9474-1A3956D46DE8}") = "src", "src", "{F9E866AE-15D5-4864-955E-D8FE466F13E1}"
EndProject
Project("{2150E333-8FDC-42A3-9474-1A3956D46DE8}") = "tests", "tests", "{FDFB71DE-5095-431C-BB1E-79BBC42ED36D}"
EndProject
Project("{9A19103F-16F7-4668-BE54-9A1E7A4F7556}") = "UrlShortener.Api.Core.Tests", "Api\tests\UrlShortener.Api.Core.Tests\UrlShortener.Api.Core.Tests.csproj", "{845581E6-8C8E-4586-BFEE-010CCE3038A4}"
EndProject
Project("{9A19103F-16F7-4668-BE54-9A1E7A4F7556}") = "UrlShortener.Core", "Api\src\UrlShortener.Code\UrlShortener.Core.csproj", "{6B3E8C56-C92D-456B-8FB6-E4FA539C6208}"
EndProject
Project("{9A19103F-16F7-4668-BE54-9A1E7A4F7556}") = "UrlShortener.Tests", "Api\tests\UrlShortener.Tests\UrlShortener.Tests.csproj", "{1EB04480-F8C1-41DF-BCB2-0131233BAA82}"
EndProject
Project("{9A19103F-16F7-4668-BE54-9A1E7A4F7556}") = "UrlShortener.Infrastructure", "Api\src\UrlShortener.Infrastructure\UrlShortener.Infrastructure.csproj", "{D06FA8E9-0E46-45B7-B38C-E030480B2FDE}"
EndProject
Project("{2150E333-8FDC-42A3-9474-1A3956D46DE8}") = "TokenRanges", "TokenRanges", "{CC7FFF02-6CE4-4EB3-AA4F-BA3557FDDEE9}"
EndProject
Project("{2150E333-8FDC-42A3-9474-1A3956D46DE8}") = "src", "src", "{020CEB54-7AA1-4FAC-BECC-7918A0D93FA4}"
EndProject
Project("{9A19103F-16F7-4668-BE54-9A1E7A4F7556}") = "UrlShortener.TokenRangeService", "TokenRanges\src\UrlShortener.TokenRangeService\UrlShortener.TokenRangeService.csproj", "{53EAD796-27D0-47FC-B61F-18C6DDA57FF1}"
EndProject
Project("{2150E333-8FDC-42A3-9474-1A3956D46DE8}") = "tests", "tests", "{5840BF1A-AC12-4CB3-8C30-9C9844975B89}"
EndProject
Project("{9A19103F-16F7-4668-BE54-9A1E7A4F7556}") = "UrlShortener.TokenRangeService.Tests", "TokenRanges\tests\UrlShortener.TokenRangeService.Tests\UrlShortener.TokenRangeService.Tests.csproj", "{41937DC6-2D3F-4C20-A6C4-A79C4DF276F7}"
EndProject
Project("{2150E333-8FDC-42A3-9474-1A3956D46DE8}") = "RedirectApi", "RedirectApi", "{E7F223F7-6D62-472F-8BC0-C5518E58B0C6}"
EndProject
Project("{2150E333-8FDC-42A3-9474-1A3956D46DE8}") = "src", "src", "{C372E31D-C747-46D9-8601-92D56DC44969}"
EndProject
Project("{2150E333-8FDC-42A3-9474-1A3956D46DE8}") = "tests", "tests", "{1C94CA46-503E-44C6-912D-58AE6C3716FB}"
EndProject
Project("{9A19103F-16F7-4668-BE54-9A1E7A4F7556}") = "UrlShortener.RedirectApi", "RedirectApi\src\UrlShortener.RedirectApi\UrlShortener.RedirectApi.csproj", "{5D4D77A4-A704-479E-AEAD-36C88412693A}"
EndProject
Project("{9A19103F-16F7-4668-BE54-9A1E7A4F7556}") = "UrlShortener.RedirectApi.Tests", "RedirectApi\tests\UrlShortener.RedirectApi.Tests\UrlShortener.RedirectApi.Tests.csproj", "{7F30C56A-1127-42D4-9A39-A3F1F45DBE9D}"
EndProject
Project("{2150E333-8FDC-42A3-9474-1A3956D46DE8}") = "Libraries", "Libraries", "{54549294-6AE2-43E7-AE66-797987F733CD}"
EndProject
Project("{9A19103F-16F7-4668-BE54-9A1E7A4F7556}") = "UrlShortener.Libraries.Testing", "Libraries\UrlShortener.Libraries.Testing\UrlShortener.Libraries.Testing.csproj", "{0CE50E53-C0B1-4B01-A3FB-0015FBE92B8E}"
EndProject
Project("{2150E333-8FDC-42A3-9474-1A3956D46DE8}") = "CosmosDbTrigger", "CosmosDbTrigger", "{61FFC6A7-7822-4B71-9DBE-8E1FB9FBCB1A}"
EndProject
Project("{2150E333-8FDC-42A3-9474-1A3956D46DE8}") = "src", "src", "{F14C08C4-3B96-4BC6-B399-12E41E51FD41}"
EndProject
Project("{9A19103F-16F7-4668-BE54-9A1E7A4F7556}") = "UrlShortener.CosmosDbTriggerFunction", "CosmosDbTrigger\src\UrlShortener.CosmosDbTriggerFunction\UrlShortener.CosmosDbTriggerFunction.csproj", "{D7374DB9-7060-44F5-BC0F-AE639DD7D4DB}"
EndProject
Global
	GlobalSection(SolutionConfigurationPlatforms) = preSolution
		Debug|Any CPU = Debug|Any CPU
		Release|Any CPU = Release|Any CPU
	EndGlobalSection
	GlobalSection(ProjectConfigurationPlatforms) = postSolution
		{5091FCA8-3BE6-42D3-999B-2B12D4783494}.Debug|Any CPU.ActiveCfg = Debug|Any CPU
		{5091FCA8-3BE6-42D3-999B-2B12D4783494}.Debug|Any CPU.Build.0 = Debug|Any CPU
		{5091FCA8-3BE6-42D3-999B-2B12D4783494}.Release|Any CPU.ActiveCfg = Release|Any CPU
		{5091FCA8-3BE6-42D3-999B-2B12D4783494}.Release|Any CPU.Build.0 = Release|Any CPU
		{845581E6-8C8E-4586-BFEE-010CCE3038A4}.Debug|Any CPU.ActiveCfg = Debug|Any CPU
		{845581E6-8C8E-4586-BFEE-010CCE3038A4}.Debug|Any CPU.Build.0 = Debug|Any CPU
		{845581E6-8C8E-4586-BFEE-010CCE3038A4}.Release|Any CPU.ActiveCfg = Release|Any CPU
		{845581E6-8C8E-4586-BFEE-010CCE3038A4}.Release|Any CPU.Build.0 = Release|Any CPU
		{6B3E8C56-C92D-456B-8FB6-E4FA539C6208}.Debug|Any CPU.ActiveCfg = Debug|Any CPU
		{6B3E8C56-C92D-456B-8FB6-E4FA539C6208}.Debug|Any CPU.Build.0 = Debug|Any CPU
		{6B3E8C56-C92D-456B-8FB6-E4FA539C6208}.Release|Any CPU.ActiveCfg = Release|Any CPU
		{6B3E8C56-C92D-456B-8FB6-E4FA539C6208}.Release|Any CPU.Build.0 = Release|Any CPU
		{1EB04480-F8C1-41DF-BCB2-0131233BAA82}.Debug|Any CPU.ActiveCfg = Debug|Any CPU
		{1EB04480-F8C1-41DF-BCB2-0131233BAA82}.Debug|Any CPU.Build.0 = Debug|Any CPU
		{1EB04480-F8C1-41DF-BCB2-0131233BAA82}.Release|Any CPU.ActiveCfg = Release|Any CPU
		{1EB04480-F8C1-41DF-BCB2-0131233BAA82}.Release|Any CPU.Build.0 = Release|Any CPU
		{D06FA8E9-0E46-45B7-B38C-E030480B2FDE}.Debug|Any CPU.ActiveCfg = Debug|Any CPU
		{D06FA8E9-0E46-45B7-B38C-E030480B2FDE}.Debug|Any CPU.Build.0 = Debug|Any CPU
		{D06FA8E9-0E46-45B7-B38C-E030480B2FDE}.Release|Any CPU.ActiveCfg = Release|Any CPU
		{D06FA8E9-0E46-45B7-B38C-E030480B2FDE}.Release|Any CPU.Build.0 = Release|Any CPU
		{53EAD796-27D0-47FC-B61F-18C6DDA57FF1}.Debug|Any CPU.ActiveCfg = Debug|Any CPU
		{53EAD796-27D0-47FC-B61F-18C6DDA57FF1}.Debug|Any CPU.Build.0 = Debug|Any CPU
		{53EAD796-27D0-47FC-B61F-18C6DDA57FF1}.Release|Any CPU.ActiveCfg = Release|Any CPU
		{53EAD796-27D0-47FC-B61F-18C6DDA57FF1}.Release|Any CPU.Build.0 = Release|Any CPU
		{41937DC6-2D3F-4C20-A6C4-A79C4DF276F7}.Debug|Any CPU.ActiveCfg = Debug|Any CPU
		{41937DC6-2D3F-4C20-A6C4-A79C4DF276F7}.Debug|Any CPU.Build.0 = Debug|Any CPU
		{41937DC6-2D3F-4C20-A6C4-A79C4DF276F7}.Release|Any CPU.ActiveCfg = Release|Any CPU
		{41937DC6-2D3F-4C20-A6C4-A79C4DF276F7}.Release|Any CPU.Build.0 = Release|Any CPU
		{5D4D77A4-A704-479E-AEAD-36C88412693A}.Debug|Any CPU.ActiveCfg = Debug|Any CPU
		{5D4D77A4-A704-479E-AEAD-36C88412693A}.Debug|Any CPU.Build.0 = Debug|Any CPU
		{5D4D77A4-A704-479E-AEAD-36C88412693A}.Release|Any CPU.ActiveCfg = Release|Any CPU
		{5D4D77A4-A704-479E-AEAD-36C88412693A}.Release|Any CPU.Build.0 = Release|Any CPU
		{7F30C56A-1127-42D4-9A39-A3F1F45DBE9D}.Debug|Any CPU.ActiveCfg = Debug|Any CPU
		{7F30C56A-1127-42D4-9A39-A3F1F45DBE9D}.Debug|Any CPU.Build.0 = Debug|Any CPU
		{7F30C56A-1127-42D4-9A39-A3F1F45DBE9D}.Release|Any CPU.ActiveCfg = Release|Any CPU
		{7F30C56A-1127-42D4-9A39-A3F1F45DBE9D}.Release|Any CPU.Build.0 = Release|Any CPU
		{0CE50E53-C0B1-4B01-A3FB-0015FBE92B8E}.Debug|Any CPU.ActiveCfg = Debug|Any CPU
		{0CE50E53-C0B1-4B01-A3FB-0015FBE92B8E}.Debug|Any CPU.Build.0 = Debug|Any CPU
		{0CE50E53-C0B1-4B01-A3FB-0015FBE92B8E}.Release|Any CPU.ActiveCfg = Release|Any CPU
		{0CE50E53-C0B1-4B01-A3FB-0015FBE92B8E}.Release|Any CPU.Build.0 = Release|Any CPU
		{D7374DB9-7060-44F5-BC0F-AE639DD7D4DB}.Debug|Any CPU.ActiveCfg = Debug|Any CPU
		{D7374DB9-7060-44F5-BC0F-AE639DD7D4DB}.Debug|Any CPU.Build.0 = Debug|Any CPU
		{D7374DB9-7060-44F5-BC0F-AE639DD7D4DB}.Release|Any CPU.ActiveCfg = Release|Any CPU
		{D7374DB9-7060-44F5-BC0F-AE639DD7D4DB}.Release|Any CPU.Build.0 = Release|Any CPU
	EndGlobalSection
	GlobalSection(SolutionProperties) = preSolution
		HideSolutionNode = FALSE
	EndGlobalSection
	GlobalSection(NestedProjects) = preSolution
		{5091FCA8-3BE6-42D3-999B-2B12D4783494} = {F9E866AE-15D5-4864-955E-D8FE466F13E1}
		{F9E866AE-15D5-4864-955E-D8FE466F13E1} = {3D5A33EC-2CEF-4EAC-ACF7-F23C7E4A13C3}
		{FDFB71DE-5095-431C-BB1E-79BBC42ED36D} = {3D5A33EC-2CEF-4EAC-ACF7-F23C7E4A13C3}
		{845581E6-8C8E-4586-BFEE-010CCE3038A4} = {FDFB71DE-5095-431C-BB1E-79BBC42ED36D}
		{6B3E8C56-C92D-456B-8FB6-E4FA539C6208} = {F9E866AE-15D5-4864-955E-D8FE466F13E1}
		{1EB04480-F8C1-41DF-BCB2-0131233BAA82} = {FDFB71DE-5095-431C-BB1E-79BBC42ED36D}
		{D06FA8E9-0E46-45B7-B38C-E030480B2FDE} = {F9E866AE-15D5-4864-955E-D8FE466F13E1}
		{020CEB54-7AA1-4FAC-BECC-7918A0D93FA4} = {CC7FFF02-6CE4-4EB3-AA4F-BA3557FDDEE9}
		{53EAD796-27D0-47FC-B61F-18C6DDA57FF1} = {020CEB54-7AA1-4FAC-BECC-7918A0D93FA4}
		{5840BF1A-AC12-4CB3-8C30-9C9844975B89} = {CC7FFF02-6CE4-4EB3-AA4F-BA3557FDDEE9}
		{41937DC6-2D3F-4C20-A6C4-A79C4DF276F7} = {5840BF1A-AC12-4CB3-8C30-9C9844975B89}
		{C372E31D-C747-46D9-8601-92D56DC44969} = {E7F223F7-6D62-472F-8BC0-C5518E58B0C6}
		{1C94CA46-503E-44C6-912D-58AE6C3716FB} = {E7F223F7-6D62-472F-8BC0-C5518E58B0C6}
		{5D4D77A4-A704-479E-AEAD-36C88412693A} = {C372E31D-C747-46D9-8601-92D56DC44969}
		{7F30C56A-1127-42D4-9A39-A3F1F45DBE9D} = {1C94CA46-503E-44C6-912D-58AE6C3716FB}
		{0CE50E53-C0B1-4B01-A3FB-0015FBE92B8E} = {54549294-6AE2-43E7-AE66-797987F733CD}
		{F14C08C4-3B96-4BC6-B399-12E41E51FD41} = {61FFC6A7-7822-4B71-9DBE-8E1FB9FBCB1A}
		{D7374DB9-7060-44F5-BC0F-AE639DD7D4DB} = {F14C08C4-3B96-4BC6-B399-12E41E51FD41}
	EndGlobalSection
	GlobalSection(ExtensibilityGlobals) = postSolution
		SolutionGuid = {414E130C-7804-4D94-BFB5-C498E6DE5AD2}
	EndGlobalSection
EndGlobal
